
Microsoft Visual Studio Solution File, Format Version 12.00
# Visual Studio Version 16
VisualStudioVersion = 16.0.31205.134
MinimumVisualStudioVersion = 10.0.40219.1
Project("{9A19103F-16F7-4668-BE54-9A1E7A4F7556}") = "financeiro", "financeiro.csproj", "{5CDC831F-C4CB-4622-8C79-4B3A113DEDCB}"
EndProject
Global
	GlobalSection(SolutionConfigurationPlatforms) = preSolution
		Debug|Any CPU = Debug|Any CPU
		Release|Any CPU = Release|Any CPU
	EndGlobalSection
	GlobalSection(ProjectConfigurationPlatforms) = postSolution
		{5CDC831F-C4CB-4622-8C79-4B3A113DEDCB}.Debug|Any CPU.ActiveCfg = Debug|Any CPU
		{5CDC831F-C4CB-4622-8C79-4B3A113DEDCB}.Debug|Any CPU.Build.0 = Debug|Any CPU
		{5CDC831F-C4CB-4622-8C79-4B3A113DEDCB}.Release|Any CPU.ActiveCfg = Release|Any CPU
		{5CDC831F-C4CB-4622-8C79-4B3A113DEDCB}.Release|Any CPU.Build.0 = Release|Any CPU
	EndGlobalSection
	GlobalSection(SolutionProperties) = preSolution
		HideSolutionNode = FALSE
	EndGlobalSection
	GlobalSection(ExtensibilityGlobals) = postSolution
		SolutionGuid = {0B9DCA40-FD57-4DEA-99BF-783F8715DED5}
	EndGlobalSection
EndGlobal
